
Microsoft Visual Studio Solution File, Format Version 12.00
# Visual Studio Version 17
VisualStudioVersion = 17.11.34909.67
MinimumVisualStudioVersion = 10.0.40219.1
Project("{FAE04EC0-301F-11D3-BF4B-00C04F79EFBC}") = "FaqAPI", "FaqAPI\FaqAPI.csproj", "{A28A7D5B-4C8F-4815-99F7-2800CF82F0C0}"
EndProject
Project("{9A19103F-16F7-4668-BE54-9A1E7A4F7556}") = "FaqAPI.Shared", "FaqAPI.Shared\FaqAPI.Shared.csproj", "{8864FC54-2816-470A-A19F-ADB597FDD4DE}"
EndProject
Project("{9A19103F-16F7-4668-BE54-9A1E7A4F7556}") = "FaqAPI.Tests", "FaqAPI.Tests\FaqAPI.Tests.csproj", "{53E477BE-7852-41C9-A22B-75821C5BB89E}"
EndProject
Global
	GlobalSection(SolutionConfigurationPlatforms) = preSolution
		Debug|Any CPU = Debug|Any CPU
		Release|Any CPU = Release|Any CPU
	EndGlobalSection
	GlobalSection(ProjectConfigurationPlatforms) = postSolution
		{A28A7D5B-4C8F-4815-99F7-2800CF82F0C0}.Debug|Any CPU.ActiveCfg = Debug|Any CPU
		{A28A7D5B-4C8F-4815-99F7-2800CF82F0C0}.Debug|Any CPU.Build.0 = Debug|Any CPU
		{A28A7D5B-4C8F-4815-99F7-2800CF82F0C0}.Release|Any CPU.ActiveCfg = Release|Any CPU
		{A28A7D5B-4C8F-4815-99F7-2800CF82F0C0}.Release|Any CPU.Build.0 = Release|Any CPU
		{8864FC54-2816-470A-A19F-ADB597FDD4DE}.Debug|Any CPU.ActiveCfg = Debug|Any CPU
		{8864FC54-2816-470A-A19F-ADB597FDD4DE}.Debug|Any CPU.Build.0 = Debug|Any CPU
		{8864FC54-2816-470A-A19F-ADB597FDD4DE}.Release|Any CPU.ActiveCfg = Release|Any CPU
		{8864FC54-2816-470A-A19F-ADB597FDD4DE}.Release|Any CPU.Build.0 = Release|Any CPU
		{53E477BE-7852-41C9-A22B-75821C5BB89E}.Debug|Any CPU.ActiveCfg = Debug|Any CPU
		{53E477BE-7852-41C9-A22B-75821C5BB89E}.Debug|Any CPU.Build.0 = Debug|Any CPU
		{53E477BE-7852-41C9-A22B-75821C5BB89E}.Release|Any CPU.ActiveCfg = Release|Any CPU
		{53E477BE-7852-41C9-A22B-75821C5BB89E}.Release|Any CPU.Build.0 = Release|Any CPU
	EndGlobalSection
	GlobalSection(SolutionProperties) = preSolution
		HideSolutionNode = FALSE
	EndGlobalSection
	GlobalSection(ExtensibilityGlobals) = postSolution
		SolutionGuid = {A4B93281-6CE6-4884-A0FD-68FFD7B101C6}
	EndGlobalSection
EndGlobal
